
Microsoft Visual Studio Solution File, Format Version 12.00
# Visual Studio Version 17
VisualStudioVersion = 17.0.31903.59
MinimumVisualStudioVersion = 10.0.40219.1
Project("{FAE04EC0-301F-11D3-BF4B-00C04F79EFBC}") = "Latihan Week 13 Statistik Huruf-Kata", "Latihan Week 13 Statistik Huruf-Kata\Latihan Week 13 Statistik Huruf-Kata.csproj", "{52EF9EFD-53DB-4F0E-8C17-B110DCD5BCB6}"
EndProject
Global
	GlobalSection(SolutionConfigurationPlatforms) = preSolution
		Debug|Any CPU = Debug|Any CPU
		Release|Any CPU = Release|Any CPU
	EndGlobalSection
	GlobalSection(ProjectConfigurationPlatforms) = postSolution
		{52EF9EFD-53DB-4F0E-8C17-B110DCD5BCB6}.Debug|Any CPU.ActiveCfg = Debug|Any CPU
		{52EF9EFD-53DB-4F0E-8C17-B110DCD5BCB6}.Debug|Any CPU.Build.0 = Debug|Any CPU
		{52EF9EFD-53DB-4F0E-8C17-B110DCD5BCB6}.Release|Any CPU.ActiveCfg = Release|Any CPU
		{52EF9EFD-53DB-4F0E-8C17-B110DCD5BCB6}.Release|Any CPU.Build.0 = Release|Any CPU
	EndGlobalSection
	GlobalSection(SolutionProperties) = preSolution
		HideSolutionNode = FALSE
	EndGlobalSection
	GlobalSection(ExtensibilityGlobals) = postSolution
		SolutionGuid = {8C4D1657-F06E-483B-B539-3BCBD0640418}
	EndGlobalSection
EndGlobal
